
Microsoft Visual Studio Solution File, Format Version 12.00
# Visual Studio 2013
VisualStudioVersion = 12.0.31101.0
MinimumVisualStudioVersion = 10.0.40219.1
Project("{FAE04EC0-301F-11D3-BF4B-00C04F79EFBC}") = "TripApp", "TripApp\TripApp.csproj", "{C61484E7-AA4C-4F35-95D1-F7E5F7622DFE}"
EndProject
Project("{FAE04EC0-301F-11D3-BF4B-00C04F79EFBC}") = "TripApp.Data", "TripApp.Data\TripApp.Data.csproj", "{8925CA6A-74C8-4AEF-A6ED-4559AA719117}"
EndProject
Project("{FAE04EC0-301F-11D3-BF4B-00C04F79EFBC}") = "TripApp.Data.Models", "TripApp.Data.Models\TripApp.Data.Models.csproj", "{FDA5BFA7-80F7-42D2-BB57-17422AC5E896}"
EndProject
Global
	GlobalSection(TeamFoundationVersionControl) = preSolution
		SccNumberOfProjects = 4
		SccEnterpriseProvider = {4CA58AB2-18FA-4F8D-95D4-32DDF27D184C}
		SccTeamFoundationServer = https://tfs.codeplex.com/tfs/tfs20
		SccLocalPath0 = .
		SccProjectUniqueName1 = TripApp\\TripApp.csproj
		SccProjectName1 = TripApp
		SccLocalPath1 = TripApp
		SccProjectUniqueName2 = TripApp.Data\\TripApp.Data.csproj
		SccProjectName2 = TripApp.Data
		SccLocalPath2 = TripApp.Data
		SccProjectUniqueName3 = TripApp.Data.Models\\TripApp.Data.Models.csproj
		SccProjectName3 = TripApp.Data.Models
		SccLocalPath3 = TripApp.Data.Models
	EndGlobalSection
	GlobalSection(SolutionConfigurationPlatforms) = preSolution
		Debug|Any CPU = Debug|Any CPU
		Release|Any CPU = Release|Any CPU
	EndGlobalSection
	GlobalSection(ProjectConfigurationPlatforms) = postSolution
		{C61484E7-AA4C-4F35-95D1-F7E5F7622DFE}.Debug|Any CPU.ActiveCfg = Debug|Any CPU
		{C61484E7-AA4C-4F35-95D1-F7E5F7622DFE}.Debug|Any CPU.Build.0 = Debug|Any CPU
		{C61484E7-AA4C-4F35-95D1-F7E5F7622DFE}.Release|Any CPU.ActiveCfg = Release|Any CPU
		{C61484E7-AA4C-4F35-95D1-F7E5F7622DFE}.Release|Any CPU.Build.0 = Release|Any CPU
		{8925CA6A-74C8-4AEF-A6ED-4559AA719117}.Debug|Any CPU.ActiveCfg = Debug|Any CPU
		{8925CA6A-74C8-4AEF-A6ED-4559AA719117}.Debug|Any CPU.Build.0 = Debug|Any CPU
		{8925CA6A-74C8-4AEF-A6ED-4559AA719117}.Release|Any CPU.ActiveCfg = Release|Any CPU
		{8925CA6A-74C8-4AEF-A6ED-4559AA719117}.Release|Any CPU.Build.0 = Release|Any CPU
		{FDA5BFA7-80F7-42D2-BB57-17422AC5E896}.Debug|Any CPU.ActiveCfg = Debug|Any CPU
		{FDA5BFA7-80F7-42D2-BB57-17422AC5E896}.Debug|Any CPU.Build.0 = Debug|Any CPU
		{FDA5BFA7-80F7-42D2-BB57-17422AC5E896}.Release|Any CPU.ActiveCfg = Release|Any CPU
		{FDA5BFA7-80F7-42D2-BB57-17422AC5E896}.Release|Any CPU.Build.0 = Release|Any CPU
	EndGlobalSection
	GlobalSection(SolutionProperties) = preSolution
		HideSolutionNode = FALSE
	EndGlobalSection
EndGlobal
